// !$*UTF8*$!
{
	archiveVersion = 1;
	classes = {
	};
	objectVersion = 50;
	objects = {

/* Begin PBXBuildFile section */
		EEA64ECC24476346008202D0 /* NewHabitViewController.swift in Sources */ = {isa = PBXBuildFile; fileRef = EEA64ECB24476346008202D0 /* NewHabitViewController.swift */; };
		EEA64ECE2447AD4A008202D0 /* FormingTitleLabel.swift in Sources */ = {isa = PBXBuildFile; fileRef = EEA64ECD2447AD4A008202D0 /* FormingTitleLabel.swift */; };
		EEA64ED02447B349008202D0 /* FormingTextField.swift in Sources */ = {isa = PBXBuildFile; fileRef = EEA64ECF2447B349008202D0 /* FormingTextField.swift */; };
		EEA64ED32447D5CF008202D0 /* FormingColorButton.swift in Sources */ = {isa = PBXBuildFile; fileRef = EEA64ED22447D5CF008202D0 /* FormingColorButton.swift */; };
		EEC0FE74244646E500FC618F /* AppDelegate.swift in Sources */ = {isa = PBXBuildFile; fileRef = EEC0FE73244646E500FC618F /* AppDelegate.swift */; };
		EEC0FE76244646E500FC618F /* SceneDelegate.swift in Sources */ = {isa = PBXBuildFile; fileRef = EEC0FE75244646E500FC618F /* SceneDelegate.swift */; };
		EEC0FE7D244646EA00FC618F /* Assets.xcassets in Resources */ = {isa = PBXBuildFile; fileRef = EEC0FE7C244646EA00FC618F /* Assets.xcassets */; };
		EEC0FE80244646EA00FC618F /* LaunchScreen.storyboard in Resources */ = {isa = PBXBuildFile; fileRef = EEC0FE7E244646EA00FC618F /* LaunchScreen.storyboard */; };
		EEC0FE882446498A00FC618F /* HomeCollectionViewController.swift in Sources */ = {isa = PBXBuildFile; fileRef = EEC0FE872446498A00FC618F /* HomeCollectionViewController.swift */; };
		EEC0FE8A24464A8300FC618F /* MainTabBarController.swift in Sources */ = {isa = PBXBuildFile; fileRef = EEC0FE8924464A8300FC618F /* MainTabBarController.swift */; };
		EEC0FE8C24464D7600FC618F /* HistoryCollectionViewController.swift in Sources */ = {isa = PBXBuildFile; fileRef = EEC0FE8B24464D7600FC618F /* HistoryCollectionViewController.swift */; };
		EEC0FE9124464F6900FC618F /* HomeHeaderCell.swift in Sources */ = {isa = PBXBuildFile; fileRef = EEC0FE9024464F6900FC618F /* HomeHeaderCell.swift */; };
		EEC0FE9324464F7F00FC618F /* HabitCell.swift in Sources */ = {isa = PBXBuildFile; fileRef = EEC0FE9224464F7F00FC618F /* HabitCell.swift */; };
		EEC0FE962446578600FC618F /* UIViewExt.swift in Sources */ = {isa = PBXBuildFile; fileRef = EEC0FE952446578600FC618F /* UIViewExt.swift */; };
		EEC0FE99244699BE00FC618F /* CalendarManager.swift in Sources */ = {isa = PBXBuildFile; fileRef = EEC0FE98244699BE00FC618F /* CalendarManager.swift */; };
/* End PBXBuildFile section */

/* Begin PBXFileReference section */
		EEA64ECB24476346008202D0 /* NewHabitViewController.swift */ = {isa = PBXFileReference; lastKnownFileType = sourcecode.swift; path = NewHabitViewController.swift; sourceTree = "<group>"; };
		EEA64ECD2447AD4A008202D0 /* FormingTitleLabel.swift */ = {isa = PBXFileReference; lastKnownFileType = sourcecode.swift; path = FormingTitleLabel.swift; sourceTree = "<group>"; };
		EEA64ECF2447B349008202D0 /* FormingTextField.swift */ = {isa = PBXFileReference; lastKnownFileType = sourcecode.swift; path = FormingTextField.swift; sourceTree = "<group>"; };
		EEA64ED22447D5CF008202D0 /* FormingColorButton.swift */ = {isa = PBXFileReference; lastKnownFileType = sourcecode.swift; path = FormingColorButton.swift; sourceTree = "<group>"; };
		EEC0FE70244646E500FC618F /* WeeklyHabitTracker.app */ = {isa = PBXFileReference; explicitFileType = wrapper.application; includeInIndex = 0; path = WeeklyHabitTracker.app; sourceTree = BUILT_PRODUCTS_DIR; };
		EEC0FE73244646E500FC618F /* AppDelegate.swift */ = {isa = PBXFileReference; lastKnownFileType = sourcecode.swift; path = AppDelegate.swift; sourceTree = "<group>"; };
		EEC0FE75244646E500FC618F /* SceneDelegate.swift */ = {isa = PBXFileReference; lastKnownFileType = sourcecode.swift; path = SceneDelegate.swift; sourceTree = "<group>"; };
		EEC0FE7C244646EA00FC618F /* Assets.xcassets */ = {isa = PBXFileReference; lastKnownFileType = folder.assetcatalog; path = Assets.xcassets; sourceTree = "<group>"; };
		EEC0FE7F244646EA00FC618F /* Base */ = {isa = PBXFileReference; lastKnownFileType = file.storyboard; name = Base; path = Base.lproj/LaunchScreen.storyboard; sourceTree = "<group>"; };
		EEC0FE81244646EA00FC618F /* Info.plist */ = {isa = PBXFileReference; lastKnownFileType = text.plist.xml; path = Info.plist; sourceTree = "<group>"; };
		EEC0FE872446498A00FC618F /* HomeCollectionViewController.swift */ = {isa = PBXFileReference; lastKnownFileType = sourcecode.swift; path = HomeCollectionViewController.swift; sourceTree = "<group>"; };
		EEC0FE8924464A8300FC618F /* MainTabBarController.swift */ = {isa = PBXFileReference; lastKnownFileType = sourcecode.swift; path = MainTabBarController.swift; sourceTree = "<group>"; };
		EEC0FE8B24464D7600FC618F /* HistoryCollectionViewController.swift */ = {isa = PBXFileReference; lastKnownFileType = sourcecode.swift; path = HistoryCollectionViewController.swift; sourceTree = "<group>"; };
		EEC0FE9024464F6900FC618F /* HomeHeaderCell.swift */ = {isa = PBXFileReference; lastKnownFileType = sourcecode.swift; path = HomeHeaderCell.swift; sourceTree = "<group>"; };
		EEC0FE9224464F7F00FC618F /* HabitCell.swift */ = {isa = PBXFileReference; lastKnownFileType = sourcecode.swift; path = HabitCell.swift; sourceTree = "<group>"; };
		EEC0FE952446578600FC618F /* UIViewExt.swift */ = {isa = PBXFileReference; lastKnownFileType = sourcecode.swift; path = UIViewExt.swift; sourceTree = "<group>"; };
		EEC0FE98244699BE00FC618F /* CalendarManager.swift */ = {isa = PBXFileReference; lastKnownFileType = sourcecode.swift; path = CalendarManager.swift; sourceTree = "<group>"; };
/* End PBXFileReference section */

/* Begin PBXFrameworksBuildPhase section */
		EEC0FE6D244646E500FC618F /* Frameworks */ = {
			isa = PBXFrameworksBuildPhase;
			buildActionMask = 2147483647;
			files = (
			);
			runOnlyForDeploymentPostprocessing = 0;
		};
/* End PBXFrameworksBuildPhase section */

/* Begin PBXGroup section */
		EEA64ED12447B34F008202D0 /* Views */ = {
			isa = PBXGroup;
			children = (
				EEA64ECD2447AD4A008202D0 /* FormingTitleLabel.swift */,
				EEA64ECF2447B349008202D0 /* FormingTextField.swift */,
				EEA64ED22447D5CF008202D0 /* FormingColorButton.swift */,
			);
			path = Views;
			sourceTree = "<group>";
		};
		EEC0FE67244646E500FC618F = {
			isa = PBXGroup;
			children = (
				EEC0FE72244646E500FC618F /* WeeklyHabitTracker */,
				EEC0FE71244646E500FC618F /* Products */,
			);
			sourceTree = "<group>";
		};
		EEC0FE71244646E500FC618F /* Products */ = {
			isa = PBXGroup;
			children = (
				EEC0FE70244646E500FC618F /* WeeklyHabitTracker.app */,
			);
			name = Products;
			sourceTree = "<group>";
		};
		EEC0FE72244646E500FC618F /* WeeklyHabitTracker */ = {
			isa = PBXGroup;
			children = (
				EEC0FE97244699B000FC618F /* Managers */,
				EEC0FE942446576700FC618F /* Extensions */,
				EEC0FE8D24464EFC00FC618F /* Cells */,
				EEC0FE8F24464F1F00FC618F /* Support */,
				EEC0FE8E24464F0E00FC618F /* Screens */,
				EEC0FE7C244646EA00FC618F /* Assets.xcassets */,
				EEC0FE7E244646EA00FC618F /* LaunchScreen.storyboard */,
				EEC0FE81244646EA00FC618F /* Info.plist */,
				EEA64ED12447B34F008202D0 /* Views */,
			);
			path = WeeklyHabitTracker;
			sourceTree = "<group>";
		};
		EEC0FE8D24464EFC00FC618F /* Cells */ = {
			isa = PBXGroup;
			children = (
				EEC0FE9024464F6900FC618F /* HomeHeaderCell.swift */,
				EEC0FE9224464F7F00FC618F /* HabitCell.swift */,
			);
			path = Cells;
			sourceTree = "<group>";
		};
		EEC0FE8E24464F0E00FC618F /* Screens */ = {
			isa = PBXGroup;
			children = (
				EEC0FE872446498A00FC618F /* HomeCollectionViewController.swift */,
				EEC0FE8B24464D7600FC618F /* HistoryCollectionViewController.swift */,
				EEA64ECB24476346008202D0 /* NewHabitViewController.swift */,
			);
			path = Screens;
			sourceTree = "<group>";
		};
		EEC0FE8F24464F1F00FC618F /* Support */ = {
			isa = PBXGroup;
			children = (
				EEC0FE73244646E500FC618F /* AppDelegate.swift */,
				EEC0FE75244646E500FC618F /* SceneDelegate.swift */,
				EEC0FE8924464A8300FC618F /* MainTabBarController.swift */,
			);
			path = Support;
			sourceTree = "<group>";
		};
		EEC0FE942446576700FC618F /* Extensions */ = {
			isa = PBXGroup;
			children = (
				EEC0FE952446578600FC618F /* UIViewExt.swift */,
			);
			path = Extensions;
			sourceTree = "<group>";
		};
		EEC0FE97244699B000FC618F /* Managers */ = {
			isa = PBXGroup;
			children = (
				EEC0FE98244699BE00FC618F /* CalendarManager.swift */,
			);
			path = Managers;
			sourceTree = "<group>";
		};
/* End PBXGroup section */

/* Begin PBXNativeTarget section */
		EEC0FE6F244646E500FC618F /* WeeklyHabitTracker */ = {
			isa = PBXNativeTarget;
			buildConfigurationList = EEC0FE84244646EA00FC618F /* Build configuration list for PBXNativeTarget "WeeklyHabitTracker" */;
			buildPhases = (
				EEC0FE6C244646E500FC618F /* Sources */,
				EEC0FE6D244646E500FC618F /* Frameworks */,
				EEC0FE6E244646E500FC618F /* Resources */,
			);
			buildRules = (
			);
			dependencies = (
			);
			name = WeeklyHabitTracker;
			productName = WeeklyHabitTracker;
			productReference = EEC0FE70244646E500FC618F /* WeeklyHabitTracker.app */;
			productType = "com.apple.product-type.application";
		};
/* End PBXNativeTarget section */

/* Begin PBXProject section */
		EEC0FE68244646E500FC618F /* Project object */ = {
			isa = PBXProject;
			attributes = {
				LastSwiftUpdateCheck = 1140;
				LastUpgradeCheck = 1140;
				ORGANIZATIONNAME = "Robert Parsons";
				TargetAttributes = {
					EEC0FE6F244646E500FC618F = {
						CreatedOnToolsVersion = 11.4;
					};
				};
			};
			buildConfigurationList = EEC0FE6B244646E500FC618F /* Build configuration list for PBXProject "WeeklyHabitTracker" */;
			compatibilityVersion = "Xcode 9.3";
			developmentRegion = en;
			hasScannedForEncodings = 0;
			knownRegions = (
				en,
				Base,
			);
			mainGroup = EEC0FE67244646E500FC618F;
			productRefGroup = EEC0FE71244646E500FC618F /* Products */;
			projectDirPath = "";
			projectRoot = "";
			targets = (
				EEC0FE6F244646E500FC618F /* WeeklyHabitTracker */,
			);
		};
/* End PBXProject section */

/* Begin PBXResourcesBuildPhase section */
		EEC0FE6E244646E500FC618F /* Resources */ = {
			isa = PBXResourcesBuildPhase;
			buildActionMask = 2147483647;
			files = (
				EEC0FE80244646EA00FC618F /* LaunchScreen.storyboard in Resources */,
				EEC0FE7D244646EA00FC618F /* Assets.xcassets in Resources */,
			);
			runOnlyForDeploymentPostprocessing = 0;
		};
/* End PBXResourcesBuildPhase section */

/* Begin PBXSourcesBuildPhase section */
		EEC0FE6C244646E500FC618F /* Sources */ = {
			isa = PBXSourcesBuildPhase;
			buildActionMask = 2147483647;
			files = (
				EEA64ED02447B349008202D0 /* FormingTextField.swift in Sources */,
				EEC0FE882446498A00FC618F /* HomeCollectionViewController.swift in Sources */,
				EEC0FE9124464F6900FC618F /* HomeHeaderCell.swift in Sources */,
				EEA64ED32447D5CF008202D0 /* FormingColorButton.swift in Sources */,
				EEA64ECE2447AD4A008202D0 /* FormingTitleLabel.swift in Sources */,
				EEC0FE8C24464D7600FC618F /* HistoryCollectionViewController.swift in Sources */,
				EEC0FE99244699BE00FC618F /* CalendarManager.swift in Sources */,
				EEA64ECC24476346008202D0 /* NewHabitViewController.swift in Sources */,
				EEC0FE74244646E500FC618F /* AppDelegate.swift in Sources */,
				EEC0FE962446578600FC618F /* UIViewExt.swift in Sources */,
				EEC0FE9324464F7F00FC618F /* HabitCell.swift in Sources */,
				EEC0FE8A24464A8300FC618F /* MainTabBarController.swift in Sources */,
				EEC0FE76244646E500FC618F /* SceneDelegate.swift in Sources */,
			);
			runOnlyForDeploymentPostprocessing = 0;
		};
/* End PBXSourcesBuildPhase section */

/* Begin PBXVariantGroup section */
		EEC0FE7E244646EA00FC618F /* LaunchScreen.storyboard */ = {
			isa = PBXVariantGroup;
			children = (
				EEC0FE7F244646EA00FC618F /* Base */,
			);
			name = LaunchScreen.storyboard;
			sourceTree = "<group>";
		};
/* End PBXVariantGroup section */

/* Begin XCBuildConfiguration section */
		EEC0FE82244646EA00FC618F /* Debug */ = {
			isa = XCBuildConfiguration;
			buildSettings = {
				ALWAYS_SEARCH_USER_PATHS = NO;
				CLANG_ANALYZER_NONNULL = YES;
				CLANG_ANALYZER_NUMBER_OBJECT_CONVERSION = YES_AGGRESSIVE;
				CLANG_CXX_LANGUAGE_STANDARD = "gnu++14";
				CLANG_CXX_LIBRARY = "libc++";
				CLANG_ENABLE_MODULES = YES;
				CLANG_ENABLE_OBJC_ARC = YES;
				CLANG_ENABLE_OBJC_WEAK = YES;
				CLANG_WARN_BLOCK_CAPTURE_AUTORELEASING = YES;
				CLANG_WARN_BOOL_CONVERSION = YES;
				CLANG_WARN_COMMA = YES;
				CLANG_WARN_CONSTANT_CONVERSION = YES;
				CLANG_WARN_DEPRECATED_OBJC_IMPLEMENTATIONS = YES;
				CLANG_WARN_DIRECT_OBJC_ISA_USAGE = YES_ERROR;
				CLANG_WARN_DOCUMENTATION_COMMENTS = YES;
				CLANG_WARN_EMPTY_BODY = YES;
				CLANG_WARN_ENUM_CONVERSION = YES;
				CLANG_WARN_INFINITE_RECURSION = YES;
				CLANG_WARN_INT_CONVERSION = YES;
				CLANG_WARN_NON_LITERAL_NULL_CONVERSION = YES;
				CLANG_WARN_OBJC_IMPLICIT_RETAIN_SELF = YES;
				CLANG_WARN_OBJC_LITERAL_CONVERSION = YES;
				CLANG_WARN_OBJC_ROOT_CLASS = YES_ERROR;
				CLANG_WARN_RANGE_LOOP_ANALYSIS = YES;
				CLANG_WARN_STRICT_PROTOTYPES = YES;
				CLANG_WARN_SUSPICIOUS_MOVE = YES;
				CLANG_WARN_UNGUARDED_AVAILABILITY = YES_AGGRESSIVE;
				CLANG_WARN_UNREACHABLE_CODE = YES;
				CLANG_WARN__DUPLICATE_METHOD_MATCH = YES;
				COPY_PHASE_STRIP = NO;
				DEBUG_INFORMATION_FORMAT = dwarf;
				ENABLE_STRICT_OBJC_MSGSEND = YES;
				ENABLE_TESTABILITY = YES;
				GCC_C_LANGUAGE_STANDARD = gnu11;
				GCC_DYNAMIC_NO_PIC = NO;
				GCC_NO_COMMON_BLOCKS = YES;
				GCC_OPTIMIZATION_LEVEL = 0;
				GCC_PREPROCESSOR_DEFINITIONS = (
					"DEBUG=1",
					"$(inherited)",
				);
				GCC_WARN_64_TO_32_BIT_CONVERSION = YES;
				GCC_WARN_ABOUT_RETURN_TYPE = YES_ERROR;
				GCC_WARN_UNDECLARED_SELECTOR = YES;
				GCC_WARN_UNINITIALIZED_AUTOS = YES_AGGRESSIVE;
				GCC_WARN_UNUSED_FUNCTION = YES;
				GCC_WARN_UNUSED_VARIABLE = YES;
				IPHONEOS_DEPLOYMENT_TARGET = 13.4;
				MTL_ENABLE_DEBUG_INFO = INCLUDE_SOURCE;
				MTL_FAST_MATH = YES;
				ONLY_ACTIVE_ARCH = YES;
				SDKROOT = iphoneos;
				SWIFT_ACTIVE_COMPILATION_CONDITIONS = DEBUG;
				SWIFT_OPTIMIZATION_LEVEL = "-Onone";
			};
			name = Debug;
		};
		EEC0FE83244646EA00FC618F /* Release */ = {
			isa = XCBuildConfiguration;
			buildSettings = {
				ALWAYS_SEARCH_USER_PATHS = NO;
				CLANG_ANALYZER_NONNULL = YES;
				CLANG_ANALYZER_NUMBER_OBJECT_CONVERSION = YES_AGGRESSIVE;
				CLANG_CXX_LANGUAGE_STANDARD = "gnu++14";
				CLANG_CXX_LIBRARY = "libc++";
				CLANG_ENABLE_MODULES = YES;
				CLANG_ENABLE_OBJC_ARC = YES;
				CLANG_ENABLE_OBJC_WEAK = YES;
				CLANG_WARN_BLOCK_CAPTURE_AUTORELEASING = YES;
				CLANG_WARN_BOOL_CONVERSION = YES;
				CLANG_WARN_COMMA = YES;
				CLANG_WARN_CONSTANT_CONVERSION = YES;
				CLANG_WARN_DEPRECATED_OBJC_IMPLEMENTATIONS = YES;
				CLANG_WARN_DIRECT_OBJC_ISA_USAGE = YES_ERROR;
				CLANG_WARN_DOCUMENTATION_COMMENTS = YES;
				CLANG_WARN_EMPTY_BODY = YES;
				CLANG_WARN_ENUM_CONVERSION = YES;
				CLANG_WARN_INFINITE_RECURSION = YES;
				CLANG_WARN_INT_CONVERSION = YES;
				CLANG_WARN_NON_LITERAL_NULL_CONVERSION = YES;
				CLANG_WARN_OBJC_IMPLICIT_RETAIN_SELF = YES;
				CLANG_WARN_OBJC_LITERAL_CONVERSION = YES;
				CLANG_WARN_OBJC_ROOT_CLASS = YES_ERROR;
				CLANG_WARN_RANGE_LOOP_ANALYSIS = YES;
				CLANG_WARN_STRICT_PROTOTYPES = YES;
				CLANG_WARN_SUSPICIOUS_MOVE = YES;
				CLANG_WARN_UNGUARDED_AVAILABILITY = YES_AGGRESSIVE;
				CLANG_WARN_UNREACHABLE_CODE = YES;
				CLANG_WARN__DUPLICATE_METHOD_MATCH = YES;
				COPY_PHASE_STRIP = NO;
				DEBUG_INFORMATION_FORMAT = "dwarf-with-dsym";
				ENABLE_NS_ASSERTIONS = NO;
				ENABLE_STRICT_OBJC_MSGSEND = YES;
				GCC_C_LANGUAGE_STANDARD = gnu11;
				GCC_NO_COMMON_BLOCKS = YES;
				GCC_WARN_64_TO_32_BIT_CONVERSION = YES;
				GCC_WARN_ABOUT_RETURN_TYPE = YES_ERROR;
				GCC_WARN_UNDECLARED_SELECTOR = YES;
				GCC_WARN_UNINITIALIZED_AUTOS = YES_AGGRESSIVE;
				GCC_WARN_UNUSED_FUNCTION = YES;
				GCC_WARN_UNUSED_VARIABLE = YES;
				IPHONEOS_DEPLOYMENT_TARGET = 13.4;
				MTL_ENABLE_DEBUG_INFO = NO;
				MTL_FAST_MATH = YES;
				SDKROOT = iphoneos;
				SWIFT_COMPILATION_MODE = wholemodule;
				SWIFT_OPTIMIZATION_LEVEL = "-O";
				VALIDATE_PRODUCT = YES;
			};
			name = Release;
		};
		EEC0FE85244646EA00FC618F /* Debug */ = {
			isa = XCBuildConfiguration;
			buildSettings = {
				ASSETCATALOG_COMPILER_APPICON_NAME = AppIcon;
				CODE_SIGN_STYLE = Automatic;
				DEVELOPMENT_TEAM = 2PZN25HHY7;
				INFOPLIST_FILE = WeeklyHabitTracker/Info.plist;
				IPHONEOS_DEPLOYMENT_TARGET = 13.4;
				LD_RUNPATH_SEARCH_PATHS = (
					"$(inherited)",
					"@executable_path/Frameworks",
				);
				PRODUCT_BUNDLE_IDENTIFIER = com.rjparsons.WeeklyHabitTracker;
				PRODUCT_NAME = "$(TARGET_NAME)";
				SWIFT_VERSION = 5.0;
				TARGETED_DEVICE_FAMILY = 1;
			};
			name = Debug;
		};
		EEC0FE86244646EA00FC618F /* Release */ = {
			isa = XCBuildConfiguration;
			buildSettings = {
				ASSETCATALOG_COMPILER_APPICON_NAME = AppIcon;
				CODE_SIGN_STYLE = Automatic;
				DEVELOPMENT_TEAM = 2PZN25HHY7;
				INFOPLIST_FILE = WeeklyHabitTracker/Info.plist;
				IPHONEOS_DEPLOYMENT_TARGET = 13.4;
				LD_RUNPATH_SEARCH_PATHS = (
					"$(inherited)",
					"@executable_path/Frameworks",
				);
				PRODUCT_BUNDLE_IDENTIFIER = com.rjparsons.WeeklyHabitTracker;
				PRODUCT_NAME = "$(TARGET_NAME)";
				SWIFT_VERSION = 5.0;
				TARGETED_DEVICE_FAMILY = 1;
			};
			name = Release;
		};
/* End XCBuildConfiguration section */

/* Begin XCConfigurationList section */
		EEC0FE6B244646E500FC618F /* Build configuration list for PBXProject "WeeklyHabitTracker" */ = {
			isa = XCConfigurationList;
			buildConfigurations = (
				EEC0FE82244646EA00FC618F /* Debug */,
				EEC0FE83244646EA00FC618F /* Release */,
			);
			defaultConfigurationIsVisible = 0;
			defaultConfigurationName = Release;
		};
		EEC0FE84244646EA00FC618F /* Build configuration list for PBXNativeTarget "WeeklyHabitTracker" */ = {
			isa = XCConfigurationList;
			buildConfigurations = (
				EEC0FE85244646EA00FC618F /* Debug */,
				EEC0FE86244646EA00FC618F /* Release */,
			);
			defaultConfigurationIsVisible = 0;
			defaultConfigurationName = Release;
		};
/* End XCConfigurationList section */
	};
	rootObject = EEC0FE68244646E500FC618F /* Project object */;
}
